
Microsoft Visual Studio Solution File, Format Version 12.00
# Visual Studio 15
VisualStudioVersion = 15.0.28307.645
MinimumVisualStudioVersion = 10.0.40219.1
Project("{FAE04EC0-301F-11D3-BF4B-00C04F79EFBC}") = "BasicConsoleProgram", "BasicConsoleProgram\BasicConsoleProgram.csproj", "{3E227B1E-7440-4438-8E29-77A69910D65C}"
EndProject
Global
	GlobalSection(SolutionConfigurationPlatforms) = preSolution
		Debug|Any CPU = Debug|Any CPU
		Release|Any CPU = Release|Any CPU
	EndGlobalSection
	GlobalSection(ProjectConfigurationPlatforms) = postSolution
		{3E227B1E-7440-4438-8E29-77A69910D65C}.Debug|Any CPU.ActiveCfg = Debug|Any CPU
		{3E227B1E-7440-4438-8E29-77A69910D65C}.Debug|Any CPU.Build.0 = Debug|Any CPU
		{3E227B1E-7440-4438-8E29-77A69910D65C}.Release|Any CPU.ActiveCfg = Release|Any CPU
		{3E227B1E-7440-4438-8E29-77A69910D65C}.Release|Any CPU.Build.0 = Release|Any CPU
	EndGlobalSection
	GlobalSection(SolutionProperties) = preSolution
		HideSolutionNode = FALSE
	EndGlobalSection
	GlobalSection(ExtensibilityGlobals) = postSolution
		SolutionGuid = {D38E36C7-4982-4E6F-8B8D-D20AD93DC314}
	EndGlobalSection
EndGlobal
