
Microsoft Visual Studio Solution File, Format Version 12.00
# Visual Studio 15
VisualStudioVersion = 15.0.28307.645
MinimumVisualStudioVersion = 10.0.40219.1
Project("{FAE04EC0-301F-11D3-BF4B-00C04F79EFBC}") = "WpfApp2", "WpfApp2\WpfApp2.csproj", "{22EE85E3-110F-4C5A-BE34-D927C7A14EF3}"
EndProject
Global
	GlobalSection(SolutionConfigurationPlatforms) = preSolution
		Debug|Any CPU = Debug|Any CPU
		Release|Any CPU = Release|Any CPU
	EndGlobalSection
	GlobalSection(ProjectConfigurationPlatforms) = postSolution
		{22EE85E3-110F-4C5A-BE34-D927C7A14EF3}.Debug|Any CPU.ActiveCfg = Debug|Any CPU
		{22EE85E3-110F-4C5A-BE34-D927C7A14EF3}.Debug|Any CPU.Build.0 = Debug|Any CPU
		{22EE85E3-110F-4C5A-BE34-D927C7A14EF3}.Release|Any CPU.ActiveCfg = Release|Any CPU
		{22EE85E3-110F-4C5A-BE34-D927C7A14EF3}.Release|Any CPU.Build.0 = Release|Any CPU
	EndGlobalSection
	GlobalSection(SolutionProperties) = preSolution
		HideSolutionNode = FALSE
	EndGlobalSection
	GlobalSection(ExtensibilityGlobals) = postSolution
		SolutionGuid = {29B6F19A-79BC-42D5-BE25-45EAD04F406B}
	EndGlobalSection
EndGlobal
