
Microsoft Visual Studio Solution File, Format Version 12.00
# Visual Studio 15
VisualStudioVersion = 15.0.28307.645
MinimumVisualStudioVersion = 10.0.40219.1
Project("{FAE04EC0-301F-11D3-BF4B-00C04F79EFBC}") = "WebDataSetProjectOpt", "WebDataSetProjectOpt\WebDataSetProjectOpt.csproj", "{3661E742-020F-48D7-B767-E70F2CB53D00}"
EndProject
Project("{FAE04EC0-301F-11D3-BF4B-00C04F79EFBC}") = "WebDataSetClient", "WebDataSetClient\WebDataSetClient.csproj", "{6A7B08D6-8C99-4597-9FE1-8D6A60F6F03F}"
EndProject
Project("{FAE04EC0-301F-11D3-BF4B-00C04F79EFBC}") = "WcfService1", "..\WcfService1\WcfService1\WcfService1.csproj", "{CEE0E41C-13CF-4127-80A1-F21034AEE79A}"
EndProject
Global
	GlobalSection(SolutionConfigurationPlatforms) = preSolution
		Debug|Any CPU = Debug|Any CPU
		Release|Any CPU = Release|Any CPU
	EndGlobalSection
	GlobalSection(ProjectConfigurationPlatforms) = postSolution
		{3661E742-020F-48D7-B767-E70F2CB53D00}.Debug|Any CPU.ActiveCfg = Debug|Any CPU
		{3661E742-020F-48D7-B767-E70F2CB53D00}.Debug|Any CPU.Build.0 = Debug|Any CPU
		{3661E742-020F-48D7-B767-E70F2CB53D00}.Release|Any CPU.ActiveCfg = Release|Any CPU
		{3661E742-020F-48D7-B767-E70F2CB53D00}.Release|Any CPU.Build.0 = Release|Any CPU
		{6A7B08D6-8C99-4597-9FE1-8D6A60F6F03F}.Debug|Any CPU.ActiveCfg = Debug|Any CPU
		{6A7B08D6-8C99-4597-9FE1-8D6A60F6F03F}.Debug|Any CPU.Build.0 = Debug|Any CPU
		{6A7B08D6-8C99-4597-9FE1-8D6A60F6F03F}.Release|Any CPU.ActiveCfg = Release|Any CPU
		{6A7B08D6-8C99-4597-9FE1-8D6A60F6F03F}.Release|Any CPU.Build.0 = Release|Any CPU
		{CEE0E41C-13CF-4127-80A1-F21034AEE79A}.Debug|Any CPU.ActiveCfg = Debug|Any CPU
		{CEE0E41C-13CF-4127-80A1-F21034AEE79A}.Debug|Any CPU.Build.0 = Debug|Any CPU
		{CEE0E41C-13CF-4127-80A1-F21034AEE79A}.Release|Any CPU.ActiveCfg = Release|Any CPU
		{CEE0E41C-13CF-4127-80A1-F21034AEE79A}.Release|Any CPU.Build.0 = Release|Any CPU
	EndGlobalSection
	GlobalSection(SolutionProperties) = preSolution
		HideSolutionNode = FALSE
	EndGlobalSection
	GlobalSection(ExtensibilityGlobals) = postSolution
		SolutionGuid = {DB3B4E03-88F5-4195-B693-640B9A19B79E}
	EndGlobalSection
EndGlobal
