
Microsoft Visual Studio Solution File, Format Version 12.00
# Visual Studio 15
VisualStudioVersion = 15.0.28307.645
MinimumVisualStudioVersion = 10.0.40219.1
Project("{FAE04EC0-301F-11D3-BF4B-00C04F79EFBC}") = "WebServicesCRUD", "WebServicesCRUD\WebServicesCRUD.csproj", "{1164EFC4-2D7C-4C0E-85C3-739F1615DE6D}"
EndProject
Project("{FAE04EC0-301F-11D3-BF4B-00C04F79EFBC}") = "WpfApp1", "WpfApp1\WpfApp1.csproj", "{B724ECF2-93DC-46A4-89C0-BA132A041C0F}"
EndProject
Global
	GlobalSection(SolutionConfigurationPlatforms) = preSolution
		Debug|Any CPU = Debug|Any CPU
		Release|Any CPU = Release|Any CPU
	EndGlobalSection
	GlobalSection(ProjectConfigurationPlatforms) = postSolution
		{1164EFC4-2D7C-4C0E-85C3-739F1615DE6D}.Debug|Any CPU.ActiveCfg = Debug|Any CPU
		{1164EFC4-2D7C-4C0E-85C3-739F1615DE6D}.Debug|Any CPU.Build.0 = Debug|Any CPU
		{1164EFC4-2D7C-4C0E-85C3-739F1615DE6D}.Release|Any CPU.ActiveCfg = Release|Any CPU
		{1164EFC4-2D7C-4C0E-85C3-739F1615DE6D}.Release|Any CPU.Build.0 = Release|Any CPU
		{B724ECF2-93DC-46A4-89C0-BA132A041C0F}.Debug|Any CPU.ActiveCfg = Debug|Any CPU
		{B724ECF2-93DC-46A4-89C0-BA132A041C0F}.Debug|Any CPU.Build.0 = Debug|Any CPU
		{B724ECF2-93DC-46A4-89C0-BA132A041C0F}.Release|Any CPU.ActiveCfg = Release|Any CPU
		{B724ECF2-93DC-46A4-89C0-BA132A041C0F}.Release|Any CPU.Build.0 = Release|Any CPU
	EndGlobalSection
	GlobalSection(SolutionProperties) = preSolution
		HideSolutionNode = FALSE
	EndGlobalSection
	GlobalSection(ExtensibilityGlobals) = postSolution
		SolutionGuid = {3A13FA9D-5DE0-415C-8D2A-6BDEFD575B8C}
	EndGlobalSection
EndGlobal
