
Microsoft Visual Studio Solution File, Format Version 12.00
# Visual Studio 15
VisualStudioVersion = 15.0.28307.645
MinimumVisualStudioVersion = 10.0.40219.1
Project("{FAE04EC0-301F-11D3-BF4B-00C04F79EFBC}") = "Wpfprogram2", "Wpfprogram2\Wpfprogram2.csproj", "{1820B8E8-1466-4AAA-B499-933E158A7E22}"
EndProject
Project("{FAE04EC0-301F-11D3-BF4B-00C04F79EFBC}") = "WindowsFormsApplication1", "C:\Users\HP\Desktop\Cdac HTML Practice\Downloaded Content\dotnet-master\dotnet-master\day8\day8\LinqToDataset\WindowsFormsApplication1\WindowsFormsApplication1.csproj", "{24767EDC-DB80-4A13-95D5-A09983539DCB}"
EndProject
Project("{FAE04EC0-301F-11D3-BF4B-00C04F79EFBC}") = "WpfApp1", "C:\Users\HP\Desktop\Cdac HTML Practice\Downloaded Content\dotnet-master\dotnet-master\day8\day8\Databases\WpfApp1\WpfApp1.csproj", "{BF1D4910-E614-4C43-A528-70A867BD1492}"
EndProject
Global
	GlobalSection(SolutionConfigurationPlatforms) = preSolution
		Debug|Any CPU = Debug|Any CPU
		Release|Any CPU = Release|Any CPU
	EndGlobalSection
	GlobalSection(ProjectConfigurationPlatforms) = postSolution
		{1820B8E8-1466-4AAA-B499-933E158A7E22}.Debug|Any CPU.ActiveCfg = Debug|Any CPU
		{1820B8E8-1466-4AAA-B499-933E158A7E22}.Debug|Any CPU.Build.0 = Debug|Any CPU
		{1820B8E8-1466-4AAA-B499-933E158A7E22}.Release|Any CPU.ActiveCfg = Release|Any CPU
		{1820B8E8-1466-4AAA-B499-933E158A7E22}.Release|Any CPU.Build.0 = Release|Any CPU
		{24767EDC-DB80-4A13-95D5-A09983539DCB}.Debug|Any CPU.ActiveCfg = Debug|Any CPU
		{24767EDC-DB80-4A13-95D5-A09983539DCB}.Debug|Any CPU.Build.0 = Debug|Any CPU
		{24767EDC-DB80-4A13-95D5-A09983539DCB}.Release|Any CPU.ActiveCfg = Release|Any CPU
		{24767EDC-DB80-4A13-95D5-A09983539DCB}.Release|Any CPU.Build.0 = Release|Any CPU
		{BF1D4910-E614-4C43-A528-70A867BD1492}.Debug|Any CPU.ActiveCfg = Debug|Any CPU
		{BF1D4910-E614-4C43-A528-70A867BD1492}.Debug|Any CPU.Build.0 = Debug|Any CPU
		{BF1D4910-E614-4C43-A528-70A867BD1492}.Release|Any CPU.ActiveCfg = Release|Any CPU
		{BF1D4910-E614-4C43-A528-70A867BD1492}.Release|Any CPU.Build.0 = Release|Any CPU
	EndGlobalSection
	GlobalSection(SolutionProperties) = preSolution
		HideSolutionNode = FALSE
	EndGlobalSection
	GlobalSection(ExtensibilityGlobals) = postSolution
		SolutionGuid = {94F3029F-3E90-411B-8B81-A9B6E10B4322}
	EndGlobalSection
EndGlobal
